Microsoft Visual Studio Solution File, Format Version 12.00
# Visual Studio Version 16
VisualStudioVersion = 16.0.30717.126
MinimumVisualStudioVersion = 10.0.40219.1
Project("{2150E333-8FDC-42A3-9474-1A3956D46DE8}") = "libs", "libs", "{6E5BF389-3D3F-4D74-9DD0-3B199CB529C5}"
	ProjectSection(SolutionItems) = preProject
		src\libs\Directory.Build.props = src\libs\Directory.Build.props
	EndProjectSection
EndProject
Project("{2150E333-8FDC-42A3-9474-1A3956D46DE8}") = "tests", "tests", "{9CAA231D-7BE1-46C9-ACD6-EB2E569CEBEA}"
	ProjectSection(SolutionItems) = preProject
		src\tests\Directory.Build.props = src\tests\Directory.Build.props
	EndProjectSection
EndProject
Project("{2150E333-8FDC-42A3-9474-1A3956D46DE8}") = "Solution Items", "Solution Items", "{94FE90BF-FA05-46C6-A207-6E454A236659}"
	ProjectSection(SolutionItems) = preProject
		.gitignore = .gitignore
		src\Directory.Build.props = src\Directory.Build.props
		LICENSE = LICENSE
		README.md = README.md
	EndProjectSection
EndProject
Project("{9A19103F-16F7-4668-BE54-9A1E7A4F7556}") = "H.Converters.SystemSpeechConverter", "src\libs\H.Converters.SystemSpeechConverter\H.Converters.SystemSpeechConverter.csproj", "{82BAF374-B000-455F-BD7B-939DFD3E25EC}"
EndProject
Project("{9A19103F-16F7-4668-BE54-9A1E7A4F7556}") = "H.Converters.WitAiConverter", "src\libs\H.Converters.WitAiConverter\H.Converters.WitAiConverter.csproj", "{DC8B6793-A390-43AF-9827-A8B09F915266}"
EndProject
Project("{9A19103F-16F7-4668-BE54-9A1E7A4F7556}") = "H.Converters.YandexConverter", "src\libs\H.Converters.YandexConverter\H.Converters.YandexConverter.csproj", "{29FAC41C-8FEE-4530-9614-2430C1E720CD}"
EndProject
Global
	GlobalSection(SolutionConfigurationPlatforms) = preSolution
		Debug|Any CPU = Debug|Any CPU
		Release|Any CPU = Release|Any CPU
	EndGlobalSection
	GlobalSection(ProjectConfigurationPlatforms) = postSolution
		{82BAF374-B000-455F-BD7B-939DFD3E25EC}.Debug|Any CPU.ActiveCfg = Debug|Any CPU
		{82BAF374-B000-455F-BD7B-939DFD3E25EC}.Debug|Any CPU.Build.0 = Debug|Any CPU
		{82BAF374-B000-455F-BD7B-939DFD3E25EC}.Release|Any CPU.ActiveCfg = Release|Any CPU
		{82BAF374-B000-455F-BD7B-939DFD3E25EC}.Release|Any CPU.Build.0 = Release|Any CPU
		{DC8B6793-A390-43AF-9827-A8B09F915266}.Debug|Any CPU.ActiveCfg = Debug|Any CPU
		{DC8B6793-A390-43AF-9827-A8B09F915266}.Debug|Any CPU.Build.0 = Debug|Any CPU
		{DC8B6793-A390-43AF-9827-A8B09F915266}.Release|Any CPU.ActiveCfg = Release|Any CPU
		{DC8B6793-A390-43AF-9827-A8B09F915266}.Release|Any CPU.Build.0 = Release|Any CPU
		{29FAC41C-8FEE-4530-9614-2430C1E720CD}.Debug|Any CPU.ActiveCfg = Debug|Any CPU
		{29FAC41C-8FEE-4530-9614-2430C1E720CD}.Debug|Any CPU.Build.0 = Debug|Any CPU
		{29FAC41C-8FEE-4530-9614-2430C1E720CD}.Release|Any CPU.ActiveCfg = Release|Any CPU
		{29FAC41C-8FEE-4530-9614-2430C1E720CD}.Release|Any CPU.Build.0 = Release|Any CPU
	EndGlobalSection
	GlobalSection(SolutionProperties) = preSolution
		HideSolutionNode = FALSE
	EndGlobalSection
	GlobalSection(NestedProjects) = preSolution
		{82BAF374-B000-455F-BD7B-939DFD3E25EC} = {6E5BF389-3D3F-4D74-9DD0-3B199CB529C5}
		{DC8B6793-A390-43AF-9827-A8B09F915266} = {6E5BF389-3D3F-4D74-9DD0-3B199CB529C5}
		{29FAC41C-8FEE-4530-9614-2430C1E720CD} = {6E5BF389-3D3F-4D74-9DD0-3B199CB529C5}
	EndGlobalSection
	GlobalSection(ExtensibilityGlobals) = postSolution
		SolutionGuid = {1493AEE4-9211-46E9-BFE6-8F629EAC5693}
	EndGlobalSection
EndGlobal
